// !$*UTF8*$!
{
	archiveVersion = 1;
	classes = {
	};
	objectVersion = 51;
	objects = {

/* Begin PBXBuildFile section */
		338EC299245601EC00B6AEEE /* AppDelegate.swift in Sources */ = {isa = PBXBuildFile; fileRef = 338EC298245601EC00B6AEEE /* AppDelegate.swift */; };
		338EC29B245601EC00B6AEEE /* SceneDelegate.swift in Sources */ = {isa = PBXBuildFile; fileRef = 338EC29A245601EC00B6AEEE /* SceneDelegate.swift */; };
		338EC29D245601EC00B6AEEE /* MapViewController.swift in Sources */ = {isa = PBXBuildFile; fileRef = 338EC29C245601EC00B6AEEE /* MapViewController.swift */; };
		338EC2A0245601EC00B6AEEE /* Main.storyboard in Resources */ = {isa = PBXBuildFile; fileRef = 338EC29E245601EC00B6AEEE /* Main.storyboard */; };
		338EC2A2245601F200B6AEEE /* Assets.xcassets in Resources */ = {isa = PBXBuildFile; fileRef = 338EC2A1245601F200B6AEEE /* Assets.xcassets */; };
		338EC2A5245601F200B6AEEE /* LaunchScreen.storyboard in Resources */ = {isa = PBXBuildFile; fileRef = 338EC2A3245601F200B6AEEE /* LaunchScreen.storyboard */; };
		338EC2AD245607EB00B6AEEE /* SearchViewController.swift in Sources */ = {isa = PBXBuildFile; fileRef = 338EC2AC245607EB00B6AEEE /* SearchViewController.swift */; };
		338EC2AF245609B800B6AEEE /* SearchResultCell.swift in Sources */ = {isa = PBXBuildFile; fileRef = 338EC2AE245609B800B6AEEE /* SearchResultCell.swift */; };
		33E113E92459DC6D0029EAF8 /* AuthenticationViewController.swift in Sources */ = {isa = PBXBuildFile; fileRef = 33E113E82459DC6D0029EAF8 /* AuthenticationViewController.swift */; };
		33E113EC2459E5A30029EAF8 /* LocalAuthentication.framework in Frameworks */ = {isa = PBXBuildFile; fileRef = 33E113EA2459DD290029EAF8 /* LocalAuthentication.framework */; };
		33E113EE245A0B0D0029EAF8 /* Location.swift in Sources */ = {isa = PBXBuildFile; fileRef = 33E113ED245A0B0D0029EAF8 /* Location.swift */; };
		33E113F1245A0BC80029EAF8 /* LocationAPI.swift in Sources */ = {isa = PBXBuildFile; fileRef = 33E113F0245A0BC80029EAF8 /* LocationAPI.swift */; };
		33E113F3245A0ECD0029EAF8 /* PersistencyManager.swift in Sources */ = {isa = PBXBuildFile; fileRef = 33E113F2245A0ECD0029EAF8 /* PersistencyManager.swift */; };
		42EFE67E51ED648948834D64 /* Pods_Map.framework in Frameworks */ = {isa = PBXBuildFile; fileRef = D6937E9A8505D2CCB9FF3002 /* Pods_Map.framework */; };
/* End PBXBuildFile section */

/* Begin PBXFileReference section */
		338EC295245601EC00B6AEEE /* Map.app */ = {isa = PBXFileReference; explicitFileType = wrapper.application; includeInIndex = 0; path = Map.app; sourceTree = BUILT_PRODUCTS_DIR; };
		338EC298245601EC00B6AEEE /* AppDelegate.swift */ = {isa = PBXFileReference; lastKnownFileType = sourcecode.swift; path = AppDelegate.swift; sourceTree = "<group>"; };
		338EC29A245601EC00B6AEEE /* SceneDelegate.swift */ = {isa = PBXFileReference; lastKnownFileType = sourcecode.swift; path = SceneDelegate.swift; sourceTree = "<group>"; };
		338EC29C245601EC00B6AEEE /* MapViewController.swift */ = {isa = PBXFileReference; lastKnownFileType = sourcecode.swift; path = MapViewController.swift; sourceTree = "<group>"; };
		338EC29F245601EC00B6AEEE /* Base */ = {isa = PBXFileReference; lastKnownFileType = file.storyboard; name = Base; path = Base.lproj/Main.storyboard; sourceTree = "<group>"; };
		338EC2A1245601F200B6AEEE /* Assets.xcassets */ = {isa = PBXFileReference; lastKnownFileType = folder.assetcatalog; path = Assets.xcassets; sourceTree = "<group>"; };
		338EC2A4245601F200B6AEEE /* Base */ = {isa = PBXFileReference; lastKnownFileType = file.storyboard; name = Base; path = Base.lproj/LaunchScreen.storyboard; sourceTree = "<group>"; };
		338EC2A6245601F200B6AEEE /* Info.plist */ = {isa = PBXFileReference; lastKnownFileType = text.plist.xml; path = Info.plist; sourceTree = "<group>"; };
		338EC2AC245607EB00B6AEEE /* SearchViewController.swift */ = {isa = PBXFileReference; lastKnownFileType = sourcecode.swift; path = SearchViewController.swift; sourceTree = "<group>"; };
		338EC2AE245609B800B6AEEE /* SearchResultCell.swift */ = {isa = PBXFileReference; lastKnownFileType = sourcecode.swift; path = SearchResultCell.swift; sourceTree = "<group>"; };
		33E113E82459DC6D0029EAF8 /* AuthenticationViewController.swift */ = {isa = PBXFileReference; lastKnownFileType = sourcecode.swift; path = AuthenticationViewController.swift; sourceTree = "<group>"; };
		33E113EA2459DD290029EAF8 /* LocalAuthentication.framework */ = {isa = PBXFileReference; lastKnownFileType = wrapper.framework; name = LocalAuthentication.framework; path = System/Library/Frameworks/LocalAuthentication.framework; sourceTree = SDKROOT; };
		33E113ED245A0B0D0029EAF8 /* Location.swift */ = {isa = PBXFileReference; lastKnownFileType = sourcecode.swift; path = Location.swift; sourceTree = "<group>"; };
		33E113F0245A0BC80029EAF8 /* LocationAPI.swift */ = {isa = PBXFileReference; lastKnownFileType = sourcecode.swift; path = LocationAPI.swift; sourceTree = "<group>"; };
		33E113F2245A0ECD0029EAF8 /* PersistencyManager.swift */ = {isa = PBXFileReference; lastKnownFileType = sourcecode.swift; path = PersistencyManager.swift; sourceTree = "<group>"; };
		8453316E6E8174A2B165EAAE /* Pods-Map.release.xcconfig */ = {isa = PBXFileReference; includeInIndex = 1; lastKnownFileType = text.xcconfig; name = "Pods-Map.release.xcconfig"; path = "Target Support Files/Pods-Map/Pods-Map.release.xcconfig"; sourceTree = "<group>"; };
		D1571583EEA33AD6D36A4EDB /* Pods-Map.debug.xcconfig */ = {isa = PBXFileReference; includeInIndex = 1; lastKnownFileType = text.xcconfig; name = "Pods-Map.debug.xcconfig"; path = "Target Support Files/Pods-Map/Pods-Map.debug.xcconfig"; sourceTree = "<group>"; };
		D6937E9A8505D2CCB9FF3002 /* Pods_Map.framework */ = {isa = PBXFileReference; explicitFileType = wrapper.framework; includeInIndex = 0; path = Pods_Map.framework; sourceTree = BUILT_PRODUCTS_DIR; };
/* End PBXFileReference section */

/* Begin PBXFrameworksBuildPhase section */
		338EC292245601EC00B6AEEE /* Frameworks */ = {
			isa = PBXFrameworksBuildPhase;
			buildActionMask = 2147483647;
			files = (
				33E113EC2459E5A30029EAF8 /* LocalAuthentication.framework in Frameworks */,
				42EFE67E51ED648948834D64 /* Pods_Map.framework in Frameworks */,
			);
			runOnlyForDeploymentPostprocessing = 0;
		};
/* End PBXFrameworksBuildPhase section */

/* Begin PBXGroup section */
		338EC28C245601EC00B6AEEE = {
			isa = PBXGroup;
			children = (
				338EC297245601EC00B6AEEE /* Map */,
				338EC296245601EC00B6AEEE /* Products */,
				E29F8522ED694DC637441F4C /* Pods */,
				934C3FC32315200A11DEE9F7 /* Frameworks */,
			);
			sourceTree = "<group>";
		};
		338EC296245601EC00B6AEEE /* Products */ = {
			isa = PBXGroup;
			children = (
				338EC295245601EC00B6AEEE /* Map.app */,
			);
			name = Products;
			sourceTree = "<group>";
		};
		338EC297245601EC00B6AEEE /* Map */ = {
			isa = PBXGroup;
			children = (
				338EC2B024560C9500B6AEEE /* Model */,
				338EC2B124560C9C00B6AEEE /* View */,
				338EC2B224560CA400B6AEEE /* Controller */,
				33E113EF245A0BB20029EAF8 /* API */,
				338EC298245601EC00B6AEEE /* AppDelegate.swift */,
				338EC29A245601EC00B6AEEE /* SceneDelegate.swift */,
				338EC29E245601EC00B6AEEE /* Main.storyboard */,
				338EC2A1245601F200B6AEEE /* Assets.xcassets */,
				338EC2A3245601F200B6AEEE /* LaunchScreen.storyboard */,
				338EC2A6245601F200B6AEEE /* Info.plist */,
			);
			path = Map;
			sourceTree = "<group>";
		};
		338EC2B024560C9500B6AEEE /* Model */ = {
			isa = PBXGroup;
			children = (
				33E113ED245A0B0D0029EAF8 /* Location.swift */,
			);
			path = Model;
			sourceTree = "<group>";
		};
		338EC2B124560C9C00B6AEEE /* View */ = {
			isa = PBXGroup;
			children = (
				338EC2AE245609B800B6AEEE /* SearchResultCell.swift */,
			);
			path = View;
			sourceTree = "<group>";
		};
		338EC2B224560CA400B6AEEE /* Controller */ = {
			isa = PBXGroup;
			children = (
				33E113E82459DC6D0029EAF8 /* AuthenticationViewController.swift */,
				338EC29C245601EC00B6AEEE /* MapViewController.swift */,
				338EC2AC245607EB00B6AEEE /* SearchViewController.swift */,
			);
			path = Controller;
			sourceTree = "<group>";
		};
		33E113EF245A0BB20029EAF8 /* API */ = {
			isa = PBXGroup;
			children = (
				33E113F0245A0BC80029EAF8 /* LocationAPI.swift */,
				33E113F2245A0ECD0029EAF8 /* PersistencyManager.swift */,
			);
			path = API;
			sourceTree = "<group>";
		};
		934C3FC32315200A11DEE9F7 /* Frameworks */ = {
			isa = PBXGroup;
			children = (
				33E113EA2459DD290029EAF8 /* LocalAuthentication.framework */,
				D6937E9A8505D2CCB9FF3002 /* Pods_Map.framework */,
			);
			name = Frameworks;
			sourceTree = "<group>";
		};
		E29F8522ED694DC637441F4C /* Pods */ = {
			isa = PBXGroup;
			children = (
				D1571583EEA33AD6D36A4EDB /* Pods-Map.debug.xcconfig */,
				8453316E6E8174A2B165EAAE /* Pods-Map.release.xcconfig */,
			);
			path = Pods;
			sourceTree = "<group>";
		};
/* End PBXGroup section */

/* Begin PBXNativeTarget section */
		338EC294245601EC00B6AEEE /* Map */ = {
			isa = PBXNativeTarget;
			buildConfigurationList = 338EC2A9245601F200B6AEEE /* Build configuration list for PBXNativeTarget "Map" */;
			buildPhases = (
				941E85F6DF9E76D596C8685B /* [CP] Check Pods Manifest.lock */,
				338EC291245601EC00B6AEEE /* Sources */,
				338EC292245601EC00B6AEEE /* Frameworks */,
				338EC293245601EC00B6AEEE /* Resources */,
				D3CC197841274F764552AAA6 /* [CP] Embed Pods Frameworks */,
			);
			buildRules = (
			);
			dependencies = (
			);
			name = Map;
			productName = Map;
			productReference = 338EC295245601EC00B6AEEE /* Map.app */;
			productType = "com.apple.product-type.application";
		};
/* End PBXNativeTarget section */

/* Begin PBXProject section */
		338EC28D245601EC00B6AEEE /* Project object */ = {
			isa = PBXProject;
			attributes = {
				LastSwiftUpdateCheck = 1140;
				LastUpgradeCheck = 1140;
				ORGANIZATIONNAME = "Rodrigo Buendia Ramos";
				TargetAttributes = {
					338EC294245601EC00B6AEEE = {
						CreatedOnToolsVersion = 11.4.1;
					};
				};
			};
			buildConfigurationList = 338EC290245601EC00B6AEEE /* Build configuration list for PBXProject "Map" */;
			compatibilityVersion = "Xcode 9.3";
			developmentRegion = en;
			hasScannedForEncodings = 0;
			knownRegions = (
				en,
				Base,
			);
			mainGroup = 338EC28C245601EC00B6AEEE;
			productRefGroup = 338EC296245601EC00B6AEEE /* Products */;
			projectDirPath = "";
			projectRoot = "";
			targets = (
				338EC294245601EC00B6AEEE /* Map */,
			);
		};
/* End PBXProject section */

/* Begin PBXResourcesBuildPhase section */
		338EC293245601EC00B6AEEE /* Resources */ = {
			isa = PBXResourcesBuildPhase;
			buildActionMask = 2147483647;
			files = (
				338EC2A5245601F200B6AEEE /* LaunchScreen.storyboard in Resources */,
				338EC2A2245601F200B6AEEE /* Assets.xcassets in Resources */,
				338EC2A0245601EC00B6AEEE /* Main.storyboard in Resources */,
			);
			runOnlyForDeploymentPostprocessing = 0;
		};
/* End PBXResourcesBuildPhase section */

/* Begin PBXShellScriptBuildPhase section */
		941E85F6DF9E76D596C8685B /* [CP] Check Pods Manifest.lock */ = {
			isa = PBXShellScriptBuildPhase;
			buildActionMask = 2147483647;
			files = (
			);
			inputFileListPaths = (
			);
			inputPaths = (
				"${PODS_PODFILE_DIR_PATH}/Podfile.lock",
				"${PODS_ROOT}/Manifest.lock",
			);
			name = "[CP] Check Pods Manifest.lock";
			outputFileListPaths = (
			);
			outputPaths = (
				"$(DERIVED_FILE_DIR)/Pods-Map-checkManifestLockResult.txt",
			);
			runOnlyForDeploymentPostprocessing = 0;
			shellPath = /bin/sh;
			shellScript = "diff \"${PODS_PODFILE_DIR_PATH}/Podfile.lock\" \"${PODS_ROOT}/Manifest.lock\" > /dev/null\nif [ $? != 0 ] ; then\n    # print error to STDERR\n    echo \"error: The sandbox is not in sync with the Podfile.lock. Run 'pod install' or update your CocoaPods installation.\" >&2\n    exit 1\nfi\n# This output is used by Xcode 'outputs' to avoid re-running this script phase.\necho \"SUCCESS\" > \"${SCRIPT_OUTPUT_FILE_0}\"\n";
			showEnvVarsInLog = 0;
		};
		D3CC197841274F764552AAA6 /* [CP] Embed Pods Frameworks */ = {
			isa = PBXShellScriptBuildPhase;
			buildActionMask = 2147483647;
			files = (
			);
			inputFileListPaths = (
				"${PODS_ROOT}/Target Support Files/Pods-Map/Pods-Map-frameworks-${CONFIGURATION}-input-files.xcfilelist",
			);
			name = "[CP] Embed Pods Frameworks";
			outputFileListPaths = (
				"${PODS_ROOT}/Target Support Files/Pods-Map/Pods-Map-frameworks-${CONFIGURATION}-output-files.xcfilelist",
			);
			runOnlyForDeploymentPostprocessing = 0;
			shellPath = /bin/sh;
			shellScript = "\"${PODS_ROOT}/Target Support Files/Pods-Map/Pods-Map-frameworks.sh\"\n";
			showEnvVarsInLog = 0;
		};
/* End PBXShellScriptBuildPhase section */

/* Begin PBXSourcesBuildPhase section */
		338EC291245601EC00B6AEEE /* Sources */ = {
			isa = PBXSourcesBuildPhase;
			buildActionMask = 2147483647;
			files = (
				338EC29D245601EC00B6AEEE /* MapViewController.swift in Sources */,
				338EC299245601EC00B6AEEE /* AppDelegate.swift in Sources */,
				338EC2AD245607EB00B6AEEE /* SearchViewController.swift in Sources */,
				338EC29B245601EC00B6AEEE /* SceneDelegate.swift in Sources */,
				33E113F3245A0ECD0029EAF8 /* PersistencyManager.swift in Sources */,
				33E113E92459DC6D0029EAF8 /* AuthenticationViewController.swift in Sources */,
				338EC2AF245609B800B6AEEE /* SearchResultCell.swift in Sources */,
				33E113EE245A0B0D0029EAF8 /* Location.swift in Sources */,
				33E113F1245A0BC80029EAF8 /* LocationAPI.swift in Sources */,
			);
			runOnlyForDeploymentPostprocessing = 0;
		};
/* End PBXSourcesBuildPhase section */

/* Begin PBXVariantGroup section */
		338EC29E245601EC00B6AEEE /* Main.storyboard */ = {
			isa = PBXVariantGroup;
			children = (
				338EC29F245601EC00B6AEEE /* Base */,
			);
			name = Main.storyboard;
			sourceTree = "<group>";
		};
		338EC2A3245601F200B6AEEE /* LaunchScreen.storyboard */ = {
			isa = PBXVariantGroup;
			children = (
				338EC2A4245601F200B6AEEE /* Base */,
			);
			name = LaunchScreen.storyboard;
			sourceTree = "<group>";
		};
/* End PBXVariantGroup section */

/* Begin XCBuildConfiguration section */
		338EC2A7245601F200B6AEEE /* Debug */ = {
			isa = XCBuildConfiguration;
			buildSettings = {
				ALWAYS_SEARCH_USER_PATHS = NO;
				CLANG_ANALYZER_NONNULL = YES;
				CLANG_ANALYZER_NUMBER_OBJECT_CONVERSION = YES_AGGRESSIVE;
				CLANG_CXX_LANGUAGE_STANDARD = "gnu++14";
				CLANG_CXX_LIBRARY = "libc++";
				CLANG_ENABLE_MODULES = YES;
				CLANG_ENABLE_OBJC_ARC = YES;
				CLANG_ENABLE_OBJC_WEAK = YES;
				CLANG_WARN_BLOCK_CAPTURE_AUTORELEASING = YES;
				CLANG_WARN_BOOL_CONVERSION = YES;
				CLANG_WARN_COMMA = YES;
				CLANG_WARN_CONSTANT_CONVERSION = YES;
				CLANG_WARN_DEPRECATED_OBJC_IMPLEMENTATIONS = YES;
				CLANG_WARN_DIRECT_OBJC_ISA_USAGE = YES_ERROR;
				CLANG_WARN_DOCUMENTATION_COMMENTS = YES;
				CLANG_WARN_EMPTY_BODY = YES;
				CLANG_WARN_ENUM_CONVERSION = YES;
				CLANG_WARN_INFINITE_RECURSION = YES;
				CLANG_WARN_INT_CONVERSION = YES;
				CLANG_WARN_NON_LITERAL_NULL_CONVERSION = YES;
				CLANG_WARN_OBJC_IMPLICIT_RETAIN_SELF = YES;
				CLANG_WARN_OBJC_LITERAL_CONVERSION = YES;
				CLANG_WARN_OBJC_ROOT_CLASS = YES_ERROR;
				CLANG_WARN_RANGE_LOOP_ANALYSIS = YES;
				CLANG_WARN_STRICT_PROTOTYPES = YES;
				CLANG_WARN_SUSPICIOUS_MOVE = YES;
				CLANG_WARN_UNGUARDED_AVAILABILITY = YES_AGGRESSIVE;
				CLANG_WARN_UNREACHABLE_CODE = YES;
				CLANG_WARN__DUPLICATE_METHOD_MATCH = YES;
				COPY_PHASE_STRIP = NO;
				DEBUG_INFORMATION_FORMAT = dwarf;
				ENABLE_STRICT_OBJC_MSGSEND = YES;
				ENABLE_TESTABILITY = YES;
				GCC_C_LANGUAGE_STANDARD = gnu11;
				GCC_DYNAMIC_NO_PIC = NO;
				GCC_NO_COMMON_BLOCKS = YES;
				GCC_OPTIMIZATION_LEVEL = 0;
				GCC_PREPROCESSOR_DEFINITIONS = (
					"DEBUG=1",
					"$(inherited)",
				);
				GCC_WARN_64_TO_32_BIT_CONVERSION = YES;
				GCC_WARN_ABOUT_RETURN_TYPE = YES_ERROR;
				GCC_WARN_UNDECLARED_SELECTOR = YES;
				GCC_WARN_UNINITIALIZED_AUTOS = YES_AGGRESSIVE;
				GCC_WARN_UNUSED_FUNCTION = YES;
				GCC_WARN_UNUSED_VARIABLE = YES;
				IPHONEOS_DEPLOYMENT_TARGET = 13.4;
				MTL_ENABLE_DEBUG_INFO = INCLUDE_SOURCE;
				MTL_FAST_MATH = YES;
				ONLY_ACTIVE_ARCH = YES;
				SDKROOT = iphoneos;
				SWIFT_ACTIVE_COMPILATION_CONDITIONS = DEBUG;
				SWIFT_OPTIMIZATION_LEVEL = "-Onone";
			};
			name = Debug;
		};
		338EC2A8245601F200B6AEEE /* Release */ = {
			isa = XCBuildConfiguration;
			buildSettings = {
				ALWAYS_SEARCH_USER_PATHS = NO;
				CLANG_ANALYZER_NONNULL = YES;
				CLANG_ANALYZER_NUMBER_OBJECT_CONVERSION = YES_AGGRESSIVE;
				CLANG_CXX_LANGUAGE_STANDARD = "gnu++14";
				CLANG_CXX_LIBRARY = "libc++";
				CLANG_ENABLE_MODULES = YES;
				CLANG_ENABLE_OBJC_ARC = YES;
				CLANG_ENABLE_OBJC_WEAK = YES;
				CLANG_WARN_BLOCK_CAPTURE_AUTORELEASING = YES;
				CLANG_WARN_BOOL_CONVERSION = YES;
				CLANG_WARN_COMMA = YES;
				CLANG_WARN_CONSTANT_CONVERSION = YES;
				CLANG_WARN_DEPRECATED_OBJC_IMPLEMENTATIONS = YES;
				CLANG_WARN_DIRECT_OBJC_ISA_USAGE = YES_ERROR;
				CLANG_WARN_DOCUMENTATION_COMMENTS = YES;
				CLANG_WARN_EMPTY_BODY = YES;
				CLANG_WARN_ENUM_CONVERSION = YES;
				CLANG_WARN_INFINITE_RECURSION = YES;
				CLANG_WARN_INT_CONVERSION = YES;
				CLANG_WARN_NON_LITERAL_NULL_CONVERSION = YES;
				CLANG_WARN_OBJC_IMPLICIT_RETAIN_SELF = YES;
				CLANG_WARN_OBJC_LITERAL_CONVERSION = YES;
				CLANG_WARN_OBJC_ROOT_CLASS = YES_ERROR;
				CLANG_WARN_RANGE_LOOP_ANALYSIS = YES;
				CLANG_WARN_STRICT_PROTOTYPES = YES;
				CLANG_WARN_SUSPICIOUS_MOVE = YES;
				CLANG_WARN_UNGUARDED_AVAILABILITY = YES_AGGRESSIVE;
				CLANG_WARN_UNREACHABLE_CODE = YES;
				CLANG_WARN__DUPLICATE_METHOD_MATCH = YES;
				COPY_PHASE_STRIP = NO;
				DEBUG_INFORMATION_FORMAT = "dwarf-with-dsym";
				ENABLE_NS_ASSERTIONS = NO;
				ENABLE_STRICT_OBJC_MSGSEND = YES;
				GCC_C_LANGUAGE_STANDARD = gnu11;
				GCC_NO_COMMON_BLOCKS = YES;
				GCC_WARN_64_TO_32_BIT_CONVERSION = YES;
				GCC_WARN_ABOUT_RETURN_TYPE = YES_ERROR;
				GCC_WARN_UNDECLARED_SELECTOR = YES;
				GCC_WARN_UNINITIALIZED_AUTOS = YES_AGGRESSIVE;
				GCC_WARN_UNUSED_FUNCTION = YES;
				GCC_WARN_UNUSED_VARIABLE = YES;
				IPHONEOS_DEPLOYMENT_TARGET = 13.4;
				MTL_ENABLE_DEBUG_INFO = NO;
				MTL_FAST_MATH = YES;
				SDKROOT = iphoneos;
				SWIFT_COMPILATION_MODE = wholemodule;
				SWIFT_OPTIMIZATION_LEVEL = "-O";
				VALIDATE_PRODUCT = YES;
			};
			name = Release;
		};
		338EC2AA245601F200B6AEEE /* Debug */ = {
			isa = XCBuildConfiguration;
			baseConfigurationReference = D1571583EEA33AD6D36A4EDB /* Pods-Map.debug.xcconfig */;
			buildSettings = {
				ASSETCATALOG_COMPILER_APPICON_NAME = AppIcon;
				CODE_SIGN_STYLE = Automatic;
				DEVELOPMENT_TEAM = 66NQL9BXQP;
				INFOPLIST_FILE = Map/Info.plist;
				LD_RUNPATH_SEARCH_PATHS = (
					"$(inherited)",
					"@executable_path/Frameworks",
				);
				PRODUCT_BUNDLE_IDENTIFIER = com.rodrigobuendia.Map;
				PRODUCT_NAME = "$(TARGET_NAME)";
				SWIFT_VERSION = 5.0;
				TARGETED_DEVICE_FAMILY = "1,2";
			};
			name = Debug;
		};
		338EC2AB245601F200B6AEEE /* Release */ = {
			isa = XCBuildConfiguration;
			baseConfigurationReference = 8453316E6E8174A2B165EAAE /* Pods-Map.release.xcconfig */;
			buildSettings = {
				ASSETCATALOG_COMPILER_APPICON_NAME = AppIcon;
				CODE_SIGN_STYLE = Automatic;
				DEVELOPMENT_TEAM = 66NQL9BXQP;
				INFOPLIST_FILE = Map/Info.plist;
				LD_RUNPATH_SEARCH_PATHS = (
					"$(inherited)",
					"@executable_path/Frameworks",
				);
				PRODUCT_BUNDLE_IDENTIFIER = com.rodrigobuendia.Map;
				PRODUCT_NAME = "$(TARGET_NAME)";
				SWIFT_VERSION = 5.0;
				TARGETED_DEVICE_FAMILY = "1,2";
			};
			name = Release;
		};
/* End XCBuildConfiguration section */

/* Begin XCConfigurationList section */
		338EC290245601EC00B6AEEE /* Build configuration list for PBXProject "Map" */ = {
			isa = XCConfigurationList;
			buildConfigurations = (
				338EC2A7245601F200B6AEEE /* Debug */,
				338EC2A8245601F200B6AEEE /* Release */,
			);
			defaultConfigurationIsVisible = 0;
			defaultConfigurationName = Release;
		};
		338EC2A9245601F200B6AEEE /* Build configuration list for PBXNativeTarget "Map" */ = {
			isa = XCConfigurationList;
			buildConfigurations = (
				338EC2AA245601F200B6AEEE /* Debug */,
				338EC2AB245601F200B6AEEE /* Release */,
			);
			defaultConfigurationIsVisible = 0;
			defaultConfigurationName = Release;
		};
/* End XCConfigurationList section */
	};
	rootObject = 338EC28D245601EC00B6AEEE /* Project object */;
}
